// !$*UTF8*$!
{
	archiveVersion = 1;
	classes = {
	};
	objectVersion = 48;
	objects = {

/* Begin PBXBuildFile section */
		058FE67CC70D2AADDA1B63A1 /* Pods_devslopes_social.framework in Frameworks */ = {isa = PBXBuildFile; fileRef = 93B09945A97502BBE46E9829 /* Pods_devslopes_social.framework */; };
		C2CFB5002028A01600DE1385 /* AppDelegate.swift in Sources */ = {isa = PBXBuildFile; fileRef = C2CFB4FF2028A01600DE1385 /* AppDelegate.swift */; };
		C2CFB5022028A01600DE1385 /* SignInVC.swift in Sources */ = {isa = PBXBuildFile; fileRef = C2CFB5012028A01600DE1385 /* SignInVC.swift */; };
		C2CFB5052028A01600DE1385 /* Main.storyboard in Resources */ = {isa = PBXBuildFile; fileRef = C2CFB5032028A01600DE1385 /* Main.storyboard */; };
		C2CFB5072028A01600DE1385 /* Assets.xcassets in Resources */ = {isa = PBXBuildFile; fileRef = C2CFB5062028A01600DE1385 /* Assets.xcassets */; };
		C2CFB50A2028A01600DE1385 /* LaunchScreen.storyboard in Resources */ = {isa = PBXBuildFile; fileRef = C2CFB5082028A01600DE1385 /* LaunchScreen.storyboard */; };
		C2CFB52E2028A0F300DE1385 /* GoogleService-Info.plist in Resources */ = {isa = PBXBuildFile; fileRef = C2CFB52D2028A0F300DE1385 /* GoogleService-Info.plist */; };
/* End PBXBuildFile section */

/* Begin PBXContainerItemProxy section */
		C2CFB5112028A01600DE1385 /* PBXContainerItemProxy */ = {
			isa = PBXContainerItemProxy;
			containerPortal = C2CFB4F42028A01600DE1385 /* Project object */;
			proxyType = 1;
			remoteGlobalIDString = C2CFB4FB2028A01600DE1385;
			remoteInfo = "devslopes-social";
		};
		C2CFB51C2028A01600DE1385 /* PBXContainerItemProxy */ = {
			isa = PBXContainerItemProxy;
			containerPortal = C2CFB4F42028A01600DE1385 /* Project object */;
			proxyType = 1;
			remoteGlobalIDString = C2CFB4FB2028A01600DE1385;
			remoteInfo = "devslopes-social";
		};
/* End PBXContainerItemProxy section */

/* Begin PBXFileReference section */
		24F32A921213AC07521986ED /* Pods-devslopes-social.release.xcconfig */ = {isa = PBXFileReference; includeInIndex = 1; lastKnownFileType = text.xcconfig; name = "Pods-devslopes-social.release.xcconfig"; path = "Pods/Target Support Files/Pods-devslopes-social/Pods-devslopes-social.release.xcconfig"; sourceTree = "<group>"; };
		93B09945A97502BBE46E9829 /* Pods_devslopes_social.framework */ = {isa = PBXFileReference; explicitFileType = wrapper.framework; includeInIndex = 0; path = Pods_devslopes_social.framework; sourceTree = BUILT_PRODUCTS_DIR; };
		9F16D48C3032EFB2B55A0242 /* Pods-devslopes-social.debug.xcconfig */ = {isa = PBXFileReference; includeInIndex = 1; lastKnownFileType = text.xcconfig; name = "Pods-devslopes-social.debug.xcconfig"; path = "Pods/Target Support Files/Pods-devslopes-social/Pods-devslopes-social.debug.xcconfig"; sourceTree = "<group>"; };
		C2CFB4FC2028A01600DE1385 /* devslopes-social.app */ = {isa = PBXFileReference; explicitFileType = wrapper.application; includeInIndex = 0; path = "devslopes-social.app"; sourceTree = BUILT_PRODUCTS_DIR; };
		C2CFB4FF2028A01600DE1385 /* AppDelegate.swift */ = {isa = PBXFileReference; lastKnownFileType = sourcecode.swift; path = AppDelegate.swift; sourceTree = "<group>"; };
		C2CFB5012028A01600DE1385 /* SignInVC.swift */ = {isa = PBXFileReference; lastKnownFileType = sourcecode.swift; path = SignInVC.swift; sourceTree = "<group>"; };
		C2CFB5042028A01600DE1385 /* Base */ = {isa = PBXFileReference; lastKnownFileType = file.storyboard; name = Base; path = Base.lproj/Main.storyboard; sourceTree = "<group>"; };
		C2CFB5062028A01600DE1385 /* Assets.xcassets */ = {isa = PBXFileReference; lastKnownFileType = folder.assetcatalog; path = Assets.xcassets; sourceTree = "<group>"; };
		C2CFB5092028A01600DE1385 /* Base */ = {isa = PBXFileReference; lastKnownFileType = file.storyboard; name = Base; path = Base.lproj/LaunchScreen.storyboard; sourceTree = "<group>"; };
		C2CFB50B2028A01600DE1385 /* Info.plist */ = {isa = PBXFileReference; lastKnownFileType = text.plist.xml; path = Info.plist; sourceTree = "<group>"; };
		C2CFB5102028A01600DE1385 /* devslopes-socialTests.xctest */ = {isa = PBXFileReference; explicitFileType = wrapper.cfbundle; includeInIndex = 0; path = "devslopes-socialTests.xctest"; sourceTree = BUILT_PRODUCTS_DIR; };
		C2CFB51B2028A01600DE1385 /* devslopes-socialUITests.xctest */ = {isa = PBXFileReference; explicitFileType = wrapper.cfbundle; includeInIndex = 0; path = "devslopes-socialUITests.xctest"; sourceTree = BUILT_PRODUCTS_DIR; };
		C2CFB52D2028A0F300DE1385 /* GoogleService-Info.plist */ = {isa = PBXFileReference; fileEncoding = 4; lastKnownFileType = text.plist.xml; path = "GoogleService-Info.plist"; sourceTree = "<group>"; };
/* End PBXFileReference section */

/* Begin PBXFrameworksBuildPhase section */
		C2CFB4F92028A01600DE1385 /* Frameworks */ = {
			isa = PBXFrameworksBuildPhase;
			buildActionMask = 2147483647;
			files = (
				058FE67CC70D2AADDA1B63A1 /* Pods_devslopes_social.framework in Frameworks */,
			);
			runOnlyForDeploymentPostprocessing = 0;
		};
		C2CFB50D2028A01600DE1385 /* Frameworks */ = {
			isa = PBXFrameworksBuildPhase;
			buildActionMask = 2147483647;
			files = (
			);
			runOnlyForDeploymentPostprocessing = 0;
		};
		C2CFB5182028A01600DE1385 /* Frameworks */ = {
			isa = PBXFrameworksBuildPhase;
			buildActionMask = 2147483647;
			files = (
			);
			runOnlyForDeploymentPostprocessing = 0;
		};
/* End PBXFrameworksBuildPhase section */

/* Begin PBXGroup section */
		644640BE5424BC6F342BFE57 /* Frameworks */ = {
			isa = PBXGroup;
			children = (
				93B09945A97502BBE46E9829 /* Pods_devslopes_social.framework */,
			);
			name = Frameworks;
			sourceTree = "<group>";
		};
		C2726C7B2028A2A4000E2E58 /* Model */ = {
			isa = PBXGroup;
			children = (
			);
			path = Model;
			sourceTree = "<group>";
		};
		C2726C7C2028A2A9000E2E58 /* View */ = {
			isa = PBXGroup;
			children = (
			);
			path = View;
			sourceTree = "<group>";
		};
		C2726C7E2028A2BB000E2E58 /* Controller */ = {
			isa = PBXGroup;
			children = (
				C2CFB5012028A01600DE1385 /* SignInVC.swift */,
			);
			path = Controller;
			sourceTree = "<group>";
		};
		C2CFB4F32028A01600DE1385 = {
			isa = PBXGroup;
			children = (
				C2CFB4FE2028A01600DE1385 /* devslopes-social */,
				C2CFB52D2028A0F300DE1385 /* GoogleService-Info.plist */,
				C2CFB4FD2028A01600DE1385 /* Products */,
				FECCCD32250DCCB6D4CF79BE /* Pods */,
				644640BE5424BC6F342BFE57 /* Frameworks */,
			);
			sourceTree = "<group>";
		};
		C2CFB4FD2028A01600DE1385 /* Products */ = {
			isa = PBXGroup;
			children = (
				C2CFB4FC2028A01600DE1385 /* devslopes-social.app */,
				C2CFB5102028A01600DE1385 /* devslopes-socialTests.xctest */,
				C2CFB51B2028A01600DE1385 /* devslopes-socialUITests.xctest */,
			);
			name = Products;
			sourceTree = "<group>";
		};
		C2CFB4FE2028A01600DE1385 /* devslopes-social */ = {
			isa = PBXGroup;
			children = (
				C2726C7E2028A2BB000E2E58 /* Controller */,
				C2726C7C2028A2A9000E2E58 /* View */,
				C2726C7B2028A2A4000E2E58 /* Model */,
				C2CFB4FF2028A01600DE1385 /* AppDelegate.swift */,
				C2CFB5032028A01600DE1385 /* Main.storyboard */,
				C2CFB5062028A01600DE1385 /* Assets.xcassets */,
				C2CFB5082028A01600DE1385 /* LaunchScreen.storyboard */,
				C2CFB50B2028A01600DE1385 /* Info.plist */,
			);
			path = "devslopes-social";
			sourceTree = "<group>";
		};
		FECCCD32250DCCB6D4CF79BE /* Pods */ = {
			isa = PBXGroup;
			children = (
				9F16D48C3032EFB2B55A0242 /* Pods-devslopes-social.debug.xcconfig */,
				24F32A921213AC07521986ED /* Pods-devslopes-social.release.xcconfig */,
			);
			name = Pods;
			sourceTree = "<group>";
		};
/* End PBXGroup section */

/* Begin PBXNativeTarget section */
		C2CFB4FB2028A01600DE1385 /* devslopes-social */ = {
			isa = PBXNativeTarget;
			buildConfigurationList = C2CFB5242028A01700DE1385 /* Build configuration list for PBXNativeTarget "devslopes-social" */;
			buildPhases = (
				F04A9EC386A03A90F1047ADB /* [CP] Check Pods Manifest.lock */,
				C2CFB4F82028A01600DE1385 /* Sources */,
				C2CFB4F92028A01600DE1385 /* Frameworks */,
				C2CFB4FA2028A01600DE1385 /* Resources */,
				76CC87B38A4FE40F55A59968 /* [CP] Embed Pods Frameworks */,
				0D23F77853F2FBF2C239E3D1 /* [CP] Copy Pods Resources */,
			);
			buildRules = (
			);
			dependencies = (
			);
			name = "devslopes-social";
			productName = "devslopes-social";
			productReference = C2CFB4FC2028A01600DE1385 /* devslopes-social.app */;
			productType = "com.apple.product-type.application";
		};
		C2CFB50F2028A01600DE1385 /* devslopes-socialTests */ = {
			isa = PBXNativeTarget;
			buildConfigurationList = C2CFB5272028A01700DE1385 /* Build configuration list for PBXNativeTarget "devslopes-socialTests" */;
			buildPhases = (
				C2CFB50C2028A01600DE1385 /* Sources */,
				C2CFB50D2028A01600DE1385 /* Frameworks */,
				C2CFB50E2028A01600DE1385 /* Resources */,
			);
			buildRules = (
			);
			dependencies = (
				C2CFB5122028A01600DE1385 /* PBXTargetDependency */,
			);
			name = "devslopes-socialTests";
			productName = "devslopes-socialTests";
			productReference = C2CFB5102028A01600DE1385 /* devslopes-socialTests.xctest */;
			productType = "com.apple.product-type.bundle.unit-test";
		};
		C2CFB51A2028A01600DE1385 /* devslopes-socialUITests */ = {
			isa = PBXNativeTarget;
			buildConfigurationList = C2CFB52A2028A01700DE1385 /* Build configuration list for PBXNativeTarget "devslopes-socialUITests" */;
			buildPhases = (
				C2CFB5172028A01600DE1385 /* Sources */,
				C2CFB5182028A01600DE1385 /* Frameworks */,
				C2CFB5192028A01600DE1385 /* Resources */,
			);
			buildRules = (
			);
			dependencies = (
				C2CFB51D2028A01600DE1385 /* PBXTargetDependency */,
			);
			name = "devslopes-socialUITests";
			productName = "devslopes-socialUITests";
			productReference = C2CFB51B2028A01600DE1385 /* devslopes-socialUITests.xctest */;
			productType = "com.apple.product-type.bundle.ui-testing";
		};
/* End PBXNativeTarget section */

/* Begin PBXProject section */
		C2CFB4F42028A01600DE1385 /* Project object */ = {
			isa = PBXProject;
			attributes = {
				LastSwiftUpdateCheck = 0920;
				LastUpgradeCheck = 0920;
				ORGANIZATIONNAME = "Allan Edwards";
				TargetAttributes = {
					C2CFB4FB2028A01600DE1385 = {
						CreatedOnToolsVersion = 9.2;
						ProvisioningStyle = Automatic;
					};
					C2CFB50F2028A01600DE1385 = {
						CreatedOnToolsVersion = 9.2;
						ProvisioningStyle = Automatic;
						TestTargetID = C2CFB4FB2028A01600DE1385;
					};
					C2CFB51A2028A01600DE1385 = {
						CreatedOnToolsVersion = 9.2;
						ProvisioningStyle = Automatic;
						TestTargetID = C2CFB4FB2028A01600DE1385;
					};
				};
			};
			buildConfigurationList = C2CFB4F72028A01600DE1385 /* Build configuration list for PBXProject "devslopes-social" */;
			compatibilityVersion = "Xcode 8.0";
			developmentRegion = en;
			hasScannedForEncodings = 0;
			knownRegions = (
				en,
				Base,
			);
			mainGroup = C2CFB4F32028A01600DE1385;
			productRefGroup = C2CFB4FD2028A01600DE1385 /* Products */;
			projectDirPath = "";
			projectRoot = "";
			targets = (
				C2CFB4FB2028A01600DE1385 /* devslopes-social */,
				C2CFB50F2028A01600DE1385 /* devslopes-socialTests */,
				C2CFB51A2028A01600DE1385 /* devslopes-socialUITests */,
			);
		};
/* End PBXProject section */

/* Begin PBXResourcesBuildPhase section */
		C2CFB4FA2028A01600DE1385 /* Resources */ = {
			isa = PBXResourcesBuildPhase;
			buildActionMask = 2147483647;
			files = (
				C2CFB50A2028A01600DE1385 /* LaunchScreen.storyboard in Resources */,
				C2CFB5072028A01600DE1385 /* Assets.xcassets in Resources */,
				C2CFB5052028A01600DE1385 /* Main.storyboard in Resources */,
				C2CFB52E2028A0F300DE1385 /* GoogleService-Info.plist in Resources */,
			);
			runOnlyForDeploymentPostprocessing = 0;
		};
		C2CFB50E2028A01600DE1385 /* Resources */ = {
			isa = PBXResourcesBuildPhase;
			buildActionMask = 2147483647;
			files = (
			);
			runOnlyForDeploymentPostprocessing = 0;
		};
		C2CFB5192028A01600DE1385 /* Resources */ = {
			isa = PBXResourcesBuildPhase;
			buildActionMask = 2147483647;
			files = (
			);
			runOnlyForDeploymentPostprocessing = 0;
		};
/* End PBXResourcesBuildPhase section */

/* Begin PBXShellScriptBuildPhase section */
		0D23F77853F2FBF2C239E3D1 /* [CP] Copy Pods Resources */ = {
			isa = PBXShellScriptBuildPhase;
			buildActionMask = 2147483647;
			files = (
			);
			inputPaths = (
			);
			name = "[CP] Copy Pods Resources";
			outputPaths = (
			);
			runOnlyForDeploymentPostprocessing = 0;
			shellPath = /bin/sh;
			shellScript = "\"${SRCROOT}/Pods/Target Support Files/Pods-devslopes-social/Pods-devslopes-social-resources.sh\"\n";
			showEnvVarsInLog = 0;
		};
		76CC87B38A4FE40F55A59968 /* [CP] Embed Pods Frameworks */ = {
			isa = PBXShellScriptBuildPhase;
			buildActionMask = 2147483647;
			files = (
			);
			inputPaths = (
				"${SRCROOT}/Pods/Target Support Files/Pods-devslopes-social/Pods-devslopes-social-frameworks.sh",
				"${BUILT_PRODUCTS_DIR}/GTMSessionFetcher/GTMSessionFetcher.framework",
				"${BUILT_PRODUCTS_DIR}/GoogleToolboxForMac/GoogleToolboxForMac.framework",
				"${BUILT_PRODUCTS_DIR}/leveldb-library/leveldb.framework",
				"${BUILT_PRODUCTS_DIR}/nanopb/nanopb.framework",
			);
			name = "[CP] Embed Pods Frameworks";
			outputPaths = (
				"${TARGET_BUILD_DIR}/${FRAMEWORKS_FOLDER_PATH}/GTMSessionFetcher.framework",
				"${TARGET_BUILD_DIR}/${FRAMEWORKS_FOLDER_PATH}/GoogleToolboxForMac.framework",
				"${TARGET_BUILD_DIR}/${FRAMEWORKS_FOLDER_PATH}/leveldb.framework",
				"${TARGET_BUILD_DIR}/${FRAMEWORKS_FOLDER_PATH}/nanopb.framework",
			);
			runOnlyForDeploymentPostprocessing = 0;
			shellPath = /bin/sh;
			shellScript = "\"${SRCROOT}/Pods/Target Support Files/Pods-devslopes-social/Pods-devslopes-social-frameworks.sh\"\n";
			showEnvVarsInLog = 0;
		};
		F04A9EC386A03A90F1047ADB /* [CP] Check Pods Manifest.lock */ = {
			isa = PBXShellScriptBuildPhase;
			buildActionMask = 2147483647;
			files = (
			);
			inputPaths = (
				"${PODS_PODFILE_DIR_PATH}/Podfile.lock",
				"${PODS_ROOT}/Manifest.lock",
			);
			name = "[CP] Check Pods Manifest.lock";
			outputPaths = (
				"$(DERIVED_FILE_DIR)/Pods-devslopes-social-checkManifestLockResult.txt",
			);
			runOnlyForDeploymentPostprocessing = 0;
			shellPath = /bin/sh;
			shellScript = "diff \"${PODS_PODFILE_DIR_PATH}/Podfile.lock\" \"${PODS_ROOT}/Manifest.lock\" > /dev/null\nif [ $? != 0 ] ; then\n    # print error to STDERR\n    echo \"error: The sandbox is not in sync with the Podfile.lock. Run 'pod install' or update your CocoaPods installation.\" >&2\n    exit 1\nfi\n# This output is used by Xcode 'outputs' to avoid re-running this script phase.\necho \"SUCCESS\" > \"${SCRIPT_OUTPUT_FILE_0}\"\n";
			showEnvVarsInLog = 0;
		};
/* End PBXShellScriptBuildPhase section */

/* Begin PBXSourcesBuildPhase section */
		C2CFB4F82028A01600DE1385 /* Sources */ = {
			isa = PBXSourcesBuildPhase;
			buildActionMask = 2147483647;
			files = (
				C2CFB5022028A01600DE1385 /* SignInVC.swift in Sources */,
				C2CFB5002028A01600DE1385 /* AppDelegate.swift in Sources */,
			);
			runOnlyForDeploymentPostprocessing = 0;
		};
		C2CFB50C2028A01600DE1385 /* Sources */ = {
			isa = PBXSourcesBuildPhase;
			buildActionMask = 2147483647;
			files = (
			);
			runOnlyForDeploymentPostprocessing = 0;
		};
		C2CFB5172028A01600DE1385 /* Sources */ = {
			isa = PBXSourcesBuildPhase;
			buildActionMask = 2147483647;
			files = (
			);
			runOnlyForDeploymentPostprocessing = 0;
		};
/* End PBXSourcesBuildPhase section */

/* Begin PBXTargetDependency section */
		C2CFB5122028A01600DE1385 /* PBXTargetDependency */ = {
			isa = PBXTargetDependency;
			target = C2CFB4FB2028A01600DE1385 /* devslopes-social */;
			targetProxy = C2CFB5112028A01600DE1385 /* PBXContainerItemProxy */;
		};
		C2CFB51D2028A01600DE1385 /* PBXTargetDependency */ = {
			isa = PBXTargetDependency;
			target = C2CFB4FB2028A01600DE1385 /* devslopes-social */;
			targetProxy = C2CFB51C2028A01600DE1385 /* PBXContainerItemProxy */;
		};
/* End PBXTargetDependency section */

/* Begin PBXVariantGroup section */
		C2CFB5032028A01600DE1385 /* Main.storyboard */ = {
			isa = PBXVariantGroup;
			children = (
				C2CFB5042028A01600DE1385 /* Base */,
			);
			name = Main.storyboard;
			sourceTree = "<group>";
		};
		C2CFB5082028A01600DE1385 /* LaunchScreen.storyboard */ = {
			isa = PBXVariantGroup;
			children = (
				C2CFB5092028A01600DE1385 /* Base */,
			);
			name = LaunchScreen.storyboard;
			sourceTree = "<group>";
		};
/* End PBXVariantGroup section */

/* Begin XCBuildConfiguration section */
		C2CFB5222028A01700DE1385 /* Debug */ = {
			isa = XCBuildConfiguration;
			buildSettings = {
				ALWAYS_SEARCH_USER_PATHS = NO;
				CLANG_ANALYZER_NONNULL = YES;
				CLANG_ANALYZER_NUMBER_OBJECT_CONVERSION = YES_AGGRESSIVE;
				CLANG_CXX_LANGUAGE_STANDARD = "gnu++14";
				CLANG_CXX_LIBRARY = "libc++";
				CLANG_ENABLE_MODULES = YES;
				CLANG_ENABLE_OBJC_ARC = YES;
				CLANG_WARN_BLOCK_CAPTURE_AUTORELEASING = YES;
				CLANG_WARN_BOOL_CONVERSION = YES;
				CLANG_WARN_COMMA = YES;
				CLANG_WARN_CONSTANT_CONVERSION = YES;
				CLANG_WARN_DIRECT_OBJC_ISA_USAGE = YES_ERROR;
				CLANG_WARN_DOCUMENTATION_COMMENTS = YES;
				CLANG_WARN_EMPTY_BODY = YES;
				CLANG_WARN_ENUM_CONVERSION = YES;
				CLANG_WARN_INFINITE_RECURSION = YES;
				CLANG_WARN_INT_CONVERSION = YES;
				CLANG_WARN_NON_LITERAL_NULL_CONVERSION = YES;
				CLANG_WARN_OBJC_LITERAL_CONVERSION = YES;
				CLANG_WARN_OBJC_ROOT_CLASS = YES_ERROR;
				CLANG_WARN_RANGE_LOOP_ANALYSIS = YES;
				CLANG_WARN_STRICT_PROTOTYPES = YES;
				CLANG_WARN_SUSPICIOUS_MOVE = YES;
				CLANG_WARN_UNGUARDED_AVAILABILITY = YES_AGGRESSIVE;
				CLANG_WARN_UNREACHABLE_CODE = YES;
				CLANG_WARN__DUPLICATE_METHOD_MATCH = YES;
				CODE_SIGN_IDENTITY = "iPhone Developer";
				COPY_PHASE_STRIP = NO;
				DEBUG_INFORMATION_FORMAT = dwarf;
				ENABLE_STRICT_OBJC_MSGSEND = YES;
				ENABLE_TESTABILITY = YES;
				GCC_C_LANGUAGE_STANDARD = gnu11;
				GCC_DYNAMIC_NO_PIC = NO;
				GCC_NO_COMMON_BLOCKS = YES;
				GCC_OPTIMIZATION_LEVEL = 0;
				GCC_PREPROCESSOR_DEFINITIONS = (
					"DEBUG=1",
					"$(inherited)",
				);
				GCC_WARN_64_TO_32_BIT_CONVERSION = YES;
				GCC_WARN_ABOUT_RETURN_TYPE = YES_ERROR;
				GCC_WARN_UNDECLARED_SELECTOR = YES;
				GCC_WARN_UNINITIALIZED_AUTOS = YES_AGGRESSIVE;
				GCC_WARN_UNUSED_FUNCTION = YES;
				GCC_WARN_UNUSED_VARIABLE = YES;
				IPHONEOS_DEPLOYMENT_TARGET = 11.2;
				MTL_ENABLE_DEBUG_INFO = YES;
				ONLY_ACTIVE_ARCH = YES;
				SDKROOT = iphoneos;
				SWIFT_ACTIVE_COMPILATION_CONDITIONS = DEBUG;
				SWIFT_OPTIMIZATION_LEVEL = "-Onone";
			};
			name = Debug;
		};
		C2CFB5232028A01700DE1385 /* Release */ = {
			isa = XCBuildConfiguration;
			buildSettings = {
				ALWAYS_SEARCH_USER_PATHS = NO;
				CLANG_ANALYZER_NONNULL = YES;
				CLANG_ANALYZER_NUMBER_OBJECT_CONVERSION = YES_AGGRESSIVE;
				CLANG_CXX_LANGUAGE_STANDARD = "gnu++14";
				CLANG_CXX_LIBRARY = "libc++";
				CLANG_ENABLE_MODULES = YES;
				CLANG_ENABLE_OBJC_ARC = YES;
				CLANG_WARN_BLOCK_CAPTURE_AUTORELEASING = YES;
				CLANG_WARN_BOOL_CONVERSION = YES;
				CLANG_WARN_COMMA = YES;
				CLANG_WARN_CONSTANT_CONVERSION = YES;
				CLANG_WARN_DIRECT_OBJC_ISA_USAGE = YES_ERROR;
				CLANG_WARN_DOCUMENTATION_COMMENTS = YES;
				CLANG_WARN_EMPTY_BODY = YES;
				CLANG_WARN_ENUM_CONVERSION = YES;
				CLANG_WARN_INFINITE_RECURSION = YES;
				CLANG_WARN_INT_CONVERSION = YES;
				CLANG_WARN_NON_LITERAL_NULL_CONVERSION = YES;
				CLANG_WARN_OBJC_LITERAL_CONVERSION = YES;
				CLANG_WARN_OBJC_ROOT_CLASS = YES_ERROR;
				CLANG_WARN_RANGE_LOOP_ANALYSIS = YES;
				CLANG_WARN_STRICT_PROTOTYPES = YES;
				CLANG_WARN_SUSPICIOUS_MOVE = YES;
				CLANG_WARN_UNGUARDED_AVAILABILITY = YES_AGGRESSIVE;
				CLANG_WARN_UNREACHABLE_CODE = YES;
				CLANG_WARN__DUPLICATE_METHOD_MATCH = YES;
				CODE_SIGN_IDENTITY = "iPhone Developer";
				COPY_PHASE_STRIP = NO;
				DEBUG_INFORMATION_FORMAT = "dwarf-with-dsym";
				ENABLE_NS_ASSERTIONS = NO;
				ENABLE_STRICT_OBJC_MSGSEND = YES;
				GCC_C_LANGUAGE_STANDARD = gnu11;
				GCC_NO_COMMON_BLOCKS = YES;
				GCC_WARN_64_TO_32_BIT_CONVERSION = YES;
				GCC_WARN_ABOUT_RETURN_TYPE = YES_ERROR;
				GCC_WARN_UNDECLARED_SELECTOR = YES;
				GCC_WARN_UNINITIALIZED_AUTOS = YES_AGGRESSIVE;
				GCC_WARN_UNUSED_FUNCTION = YES;
				GCC_WARN_UNUSED_VARIABLE = YES;
				IPHONEOS_DEPLOYMENT_TARGET = 11.2;
				MTL_ENABLE_DEBUG_INFO = NO;
				SDKROOT = iphoneos;
				SWIFT_OPTIMIZATION_LEVEL = "-Owholemodule";
				VALIDATE_PRODUCT = YES;
			};
			name = Release;
		};
		C2CFB5252028A01700DE1385 /* Debug */ = {
			isa = XCBuildConfiguration;
			baseConfigurationReference = 9F16D48C3032EFB2B55A0242 /* Pods-devslopes-social.debug.xcconfig */;
			buildSettings = {
				ASSETCATALOG_COMPILER_APPICON_NAME = AppIcon;
				CODE_SIGN_STYLE = Automatic;
				DEVELOPMENT_TEAM = RV9U9KC4UM;
				INFOPLIST_FILE = "devslopes-social/Info.plist";
				LD_RUNPATH_SEARCH_PATHS = "$(inherited) @executable_path/Frameworks";
				PRODUCT_BUNDLE_IDENTIFIER = "Mognet-Heavy-Industries.devslopes-social";
				PRODUCT_NAME = "$(TARGET_NAME)";
				SWIFT_VERSION = 4.0;
				TARGETED_DEVICE_FAMILY = "1,2";
			};
			name = Debug;
		};
		C2CFB5262028A01700DE1385 /* Release */ = {
			isa = XCBuildConfiguration;
			baseConfigurationReference = 24F32A921213AC07521986ED /* Pods-devslopes-social.release.xcconfig */;
			buildSettings = {
				ASSETCATALOG_COMPILER_APPICON_NAME = AppIcon;
				CODE_SIGN_STYLE = Automatic;
				DEVELOPMENT_TEAM = RV9U9KC4UM;
				INFOPLIST_FILE = "devslopes-social/Info.plist";
				LD_RUNPATH_SEARCH_PATHS = "$(inherited) @executable_path/Frameworks";
				PRODUCT_BUNDLE_IDENTIFIER = "Mognet-Heavy-Industries.devslopes-social";
				PRODUCT_NAME = "$(TARGET_NAME)";
				SWIFT_VERSION = 4.0;
				TARGETED_DEVICE_FAMILY = "1,2";
			};
			name = Release;
		};
		C2CFB5282028A01700DE1385 /* Debug */ = {
			isa = XCBuildConfiguration;
			buildSettings = {
				ALWAYS_EMBED_SWIFT_STANDARD_LIBRARIES = YES;
				BUNDLE_LOADER = "$(TEST_HOST)";
				CODE_SIGN_STYLE = Automatic;
				DEVELOPMENT_TEAM = RV9U9KC4UM;
				INFOPLIST_FILE = "devslopes-socialTests/Info.plist";
				LD_RUNPATH_SEARCH_PATHS = "$(inherited) @executable_path/Frameworks @loader_path/Frameworks";
				PRODUCT_BUNDLE_IDENTIFIER = "Mognet-Heavy-Industries.devslopes-socialTests";
				PRODUCT_NAME = "$(TARGET_NAME)";
				SWIFT_VERSION = 4.0;
				TARGETED_DEVICE_FAMILY = "1,2";
				TEST_HOST = "$(BUILT_PRODUCTS_DIR)/devslopes-social.app/devslopes-social";
			};
			name = Debug;
		};
		C2CFB5292028A01700DE1385 /* Release */ = {
			isa = XCBuildConfiguration;
			buildSettings = {
				ALWAYS_EMBED_SWIFT_STANDARD_LIBRARIES = YES;
				BUNDLE_LOADER = "$(TEST_HOST)";
				CODE_SIGN_STYLE = Automatic;
				DEVELOPMENT_TEAM = RV9U9KC4UM;
				INFOPLIST_FILE = "devslopes-socialTests/Info.plist";
				LD_RUNPATH_SEARCH_PATHS = "$(inherited) @executable_path/Frameworks @loader_path/Frameworks";
				PRODUCT_BUNDLE_IDENTIFIER = "Mognet-Heavy-Industries.devslopes-socialTests";
				PRODUCT_NAME = "$(TARGET_NAME)";
				SWIFT_VERSION = 4.0;
				TARGETED_DEVICE_FAMILY = "1,2";
				TEST_HOST = "$(BUILT_PRODUCTS_DIR)/devslopes-social.app/devslopes-social";
			};
			name = Release;
		};
		C2CFB52B2028A01700DE1385 /* Debug */ = {
			isa = XCBuildConfiguration;
			buildSettings = {
				ALWAYS_EMBED_SWIFT_STANDARD_LIBRARIES = YES;
				CODE_SIGN_STYLE = Automatic;
				DEVELOPMENT_TEAM = RV9U9KC4UM;
				INFOPLIST_FILE = "devslopes-socialUITests/Info.plist";
				LD_RUNPATH_SEARCH_PATHS = "$(inherited) @executable_path/Frameworks @loader_path/Frameworks";
				PRODUCT_BUNDLE_IDENTIFIER = "Mognet-Heavy-Industries.devslopes-socialUITests";
				PRODUCT_NAME = "$(TARGET_NAME)";
				SWIFT_VERSION = 4.0;
				TARGETED_DEVICE_FAMILY = "1,2";
				TEST_TARGET_NAME = "devslopes-social";
			};
			name = Debug;
		};
		C2CFB52C2028A01700DE1385 /* Release */ = {
			isa = XCBuildConfiguration;
			buildSettings = {
				ALWAYS_EMBED_SWIFT_STANDARD_LIBRARIES = YES;
				CODE_SIGN_STYLE = Automatic;
				DEVELOPMENT_TEAM = RV9U9KC4UM;
				INFOPLIST_FILE = "devslopes-socialUITests/Info.plist";
				LD_RUNPATH_SEARCH_PATHS = "$(inherited) @executable_path/Frameworks @loader_path/Frameworks";
				PRODUCT_BUNDLE_IDENTIFIER = "Mognet-Heavy-Industries.devslopes-socialUITests";
				PRODUCT_NAME = "$(TARGET_NAME)";
				SWIFT_VERSION = 4.0;
				TARGETED_DEVICE_FAMILY = "1,2";
				TEST_TARGET_NAME = "devslopes-social";
			};
			name = Release;
		};
/* End XCBuildConfiguration section */

/* Begin XCConfigurationList section */
		C2CFB4F72028A01600DE1385 /* Build configuration list for PBXProject "devslopes-social" */ = {
			isa = XCConfigurationList;
			buildConfigurations = (
				C2CFB5222028A01700DE1385 /* Debug */,
				C2CFB5232028A01700DE1385 /* Release */,
			);
			defaultConfigurationIsVisible = 0;
			defaultConfigurationName = Release;
		};
		C2CFB5242028A01700DE1385 /* Build configuration list for PBXNativeTarget "devslopes-social" */ = {
			isa = XCConfigurationList;
			buildConfigurations = (
				C2CFB5252028A01700DE1385 /* Debug */,
				C2CFB5262028A01700DE1385 /* Release */,
			);
			defaultConfigurationIsVisible = 0;
			defaultConfigurationName = Release;
		};
		C2CFB5272028A01700DE1385 /* Build configuration list for PBXNativeTarget "devslopes-socialTests" */ = {
			isa = XCConfigurationList;
			buildConfigurations = (
				C2CFB5282028A01700DE1385 /* Debug */,
				C2CFB5292028A01700DE1385 /* Release */,
			);
			defaultConfigurationIsVisible = 0;
			defaultConfigurationName = Release;
		};
		C2CFB52A2028A01700DE1385 /* Build configuration list for PBXNativeTarget "devslopes-socialUITests" */ = {
			isa = XCConfigurationList;
			buildConfigurations = (
				C2CFB52B2028A01700DE1385 /* Debug */,
				C2CFB52C2028A01700DE1385 /* Release */,
			);
			defaultConfigurationIsVisible = 0;
			defaultConfigurationName = Release;
		};
/* End XCConfigurationList section */
	};
	rootObject = C2CFB4F42028A01600DE1385 /* Project object */;
}
